
Microsoft Visual Studio Solution File, Format Version 12.00
# Visual Studio Version 16
VisualStudioVersion = 16.0.31129.286
MinimumVisualStudioVersion = 10.0.40219.1
Project("{FAE04EC0-301F-11D3-BF4B-00C04F79EFBC}") = "Snake", "Snake.csproj", "{350C7A21-C459-474E-93B4-31F2BA8008DA}"
EndProject
Global
	GlobalSection(SolutionConfigurationPlatforms) = preSolution
		Debug|Any CPU = Debug|Any CPU
		Release|Any CPU = Release|Any CPU
	EndGlobalSection
	GlobalSection(ProjectConfigurationPlatforms) = postSolution
		{350C7A21-C459-474E-93B4-31F2BA8008DA}.Debug|Any CPU.ActiveCfg = Debug|Any CPU
		{350C7A21-C459-474E-93B4-31F2BA8008DA}.Debug|Any CPU.Build.0 = Debug|Any CPU
		{350C7A21-C459-474E-93B4-31F2BA8008DA}.Release|Any CPU.ActiveCfg = Release|Any CPU
		{350C7A21-C459-474E-93B4-31F2BA8008DA}.Release|Any CPU.Build.0 = Release|Any CPU
	EndGlobalSection
	GlobalSection(SolutionProperties) = preSolution
		HideSolutionNode = FALSE
	EndGlobalSection
	GlobalSection(ExtensibilityGlobals) = postSolution
		SolutionGuid = {54F6052E-BBF8-4E05-9C85-8FBB03E66A68}
	EndGlobalSection
EndGlobal
